
Microsoft Visual Studio Solution File, Format Version 12.00
# Visual Studio Version 17
VisualStudioVersion = 17.1.32127.271
MinimumVisualStudioVersion = 10.0.40219.1
Project("{9A19103F-16F7-4668-BE54-9A1E7A4F7556}") = "MudBlazorExperiments", "MudBlazorExperiments\MudBlazorExperiments.csproj", "{443D50C2-EB00-45AD-8F83-6554E673B41E}"
EndProject
Project("{9A19103F-16F7-4668-BE54-9A1E7A4F7556}") = "Demos", "Demos\Demos.csproj", "{6C513CA7-8CBE-458A-993D-0807EAFB1D97}"
EndProject
Global
	GlobalSection(SolutionConfigurationPlatforms) = preSolution
		Debug|Any CPU = Debug|Any CPU
		Release|Any CPU = Release|Any CPU
	EndGlobalSection
	GlobalSection(ProjectConfigurationPlatforms) = postSolution
		{443D50C2-EB00-45AD-8F83-6554E673B41E}.Debug|Any CPU.ActiveCfg = Debug|Any CPU
		{443D50C2-EB00-45AD-8F83-6554E673B41E}.Debug|Any CPU.Build.0 = Debug|Any CPU
		{443D50C2-EB00-45AD-8F83-6554E673B41E}.Release|Any CPU.ActiveCfg = Release|Any CPU
		{443D50C2-EB00-45AD-8F83-6554E673B41E}.Release|Any CPU.Build.0 = Release|Any CPU
		{6C513CA7-8CBE-458A-993D-0807EAFB1D97}.Debug|Any CPU.ActiveCfg = Debug|Any CPU
		{6C513CA7-8CBE-458A-993D-0807EAFB1D97}.Debug|Any CPU.Build.0 = Debug|Any CPU
		{6C513CA7-8CBE-458A-993D-0807EAFB1D97}.Release|Any CPU.ActiveCfg = Release|Any CPU
		{6C513CA7-8CBE-458A-993D-0807EAFB1D97}.Release|Any CPU.Build.0 = Release|Any CPU
	EndGlobalSection
	GlobalSection(SolutionProperties) = preSolution
		HideSolutionNode = FALSE
	EndGlobalSection
	GlobalSection(ExtensibilityGlobals) = postSolution
		SolutionGuid = {22526FBF-C687-48CA-945B-31C178B5594E}
	EndGlobalSection
EndGlobal
